// !$*UTF8*$!
{
	archiveVersion = 1;
	classes = {
	};
	objectVersion = 46;
	objects = {

/* Begin PBXBuildFile section */
		CC2136E41D8257620043E573 /* main.m in Sources */ = {isa = PBXBuildFile; fileRef = CC2136E31D8257620043E573 /* main.m */; };
		CC2136E71D8257620043E573 /* AppDelegate.m in Sources */ = {isa = PBXBuildFile; fileRef = CC2136E61D8257620043E573 /* AppDelegate.m */; };
		CC2136EA1D8257630043E573 /* ViewController.m in Sources */ = {isa = PBXBuildFile; fileRef = CC2136E91D8257630043E573 /* ViewController.m */; };
		CC2136ED1D8257630043E573 /* Main.storyboard in Resources */ = {isa = PBXBuildFile; fileRef = CC2136EB1D8257630043E573 /* Main.storyboard */; };
		CC2136F01D8257630043E573 /* _1HomeScreen____.xcdatamodeld in Sources */ = {isa = PBXBuildFile; fileRef = CC2136EE1D8257630043E573 /* _1HomeScreen____.xcdatamodeld */; };
		CC2136F21D8257630043E573 /* Assets.xcassets in Resources */ = {isa = PBXBuildFile; fileRef = CC2136F11D8257630043E573 /* Assets.xcassets */; };
		CC2136F51D8257630043E573 /* LaunchScreen.storyboard in Resources */ = {isa = PBXBuildFile; fileRef = CC2136F31D8257630043E573 /* LaunchScreen.storyboard */; };
		CCE57F461D82970100A6A344 /* ShortcutsDetailViewController.m in Sources */ = {isa = PBXBuildFile; fileRef = CCE57F451D82970100A6A344 /* ShortcutsDetailViewController.m */; };
/* End PBXBuildFile section */

/* Begin PBXFileReference section */
		CC2136DF1D8257620043E573 /* 01HomeScreen快捷选项.app */ = {isa = PBXFileReference; explicitFileType = wrapper.application; includeInIndex = 0; path = "01HomeScreen快捷选项.app"; sourceTree = BUILT_PRODUCTS_DIR; };
		CC2136E31D8257620043E573 /* main.m */ = {isa = PBXFileReference; lastKnownFileType = sourcecode.c.objc; path = main.m; sourceTree = "<group>"; };
		CC2136E51D8257620043E573 /* AppDelegate.h */ = {isa = PBXFileReference; lastKnownFileType = sourcecode.c.h; path = AppDelegate.h; sourceTree = "<group>"; };
		CC2136E61D8257620043E573 /* AppDelegate.m */ = {isa = PBXFileReference; lastKnownFileType = sourcecode.c.objc; path = AppDelegate.m; sourceTree = "<group>"; };
		CC2136E81D8257620043E573 /* ViewController.h */ = {isa = PBXFileReference; lastKnownFileType = sourcecode.c.h; path = ViewController.h; sourceTree = "<group>"; };
		CC2136E91D8257630043E573 /* ViewController.m */ = {isa = PBXFileReference; lastKnownFileType = sourcecode.c.objc; path = ViewController.m; sourceTree = "<group>"; };
		CC2136EC1D8257630043E573 /* Base */ = {isa = PBXFileReference; lastKnownFileType = file.storyboard; name = Base; path = Base.lproj/Main.storyboard; sourceTree = "<group>"; };
		CC2136EF1D8257630043E573 /* _1HomeScreen____.xcdatamodel */ = {isa = PBXFileReference; lastKnownFileType = wrapper.xcdatamodel; path = "_1HomeScreen____.xcdatamodel"; sourceTree = "<group>"; };
		CC2136F11D8257630043E573 /* Assets.xcassets */ = {isa = PBXFileReference; lastKnownFileType = folder.assetcatalog; path = Assets.xcassets; sourceTree = "<group>"; };
		CC2136F41D8257630043E573 /* Base */ = {isa = PBXFileReference; lastKnownFileType = file.storyboard; name = Base; path = Base.lproj/LaunchScreen.storyboard; sourceTree = "<group>"; };
		CC2136F61D8257630043E573 /* Info.plist */ = {isa = PBXFileReference; lastKnownFileType = text.plist.xml; path = Info.plist; sourceTree = "<group>"; };
		CCE57F441D82970100A6A344 /* ShortcutsDetailViewController.h */ = {isa = PBXFileReference; fileEncoding = 4; lastKnownFileType = sourcecode.c.h; path = ShortcutsDetailViewController.h; sourceTree = "<group>"; };
		CCE57F451D82970100A6A344 /* ShortcutsDetailViewController.m */ = {isa = PBXFileReference; fileEncoding = 4; lastKnownFileType = sourcecode.c.objc; path = ShortcutsDetailViewController.m; sourceTree = "<group>"; };
/* End PBXFileReference section */

/* Begin PBXFrameworksBuildPhase section */
		CC2136DC1D8257620043E573 /* Frameworks */ = {
			isa = PBXFrameworksBuildPhase;
			buildActionMask = 2147483647;
			files = (
			);
			runOnlyForDeploymentPostprocessing = 0;
		};
/* End PBXFrameworksBuildPhase section */

/* Begin PBXGroup section */
		CC2136D61D8257620043E573 = {
			isa = PBXGroup;
			children = (
				CC2136E11D8257620043E573 /* 01HomeScreen快捷选项 */,
				CC2136E01D8257620043E573 /* Products */,
			);
			sourceTree = "<group>";
		};
		CC2136E01D8257620043E573 /* Products */ = {
			isa = PBXGroup;
			children = (
				CC2136DF1D8257620043E573 /* 01HomeScreen快捷选项.app */,
			);
			name = Products;
			sourceTree = "<group>";
		};
		CC2136E11D8257620043E573 /* 01HomeScreen快捷选项 */ = {
			isa = PBXGroup;
			children = (
				CC2136E51D8257620043E573 /* AppDelegate.h */,
				CC2136E61D8257620043E573 /* AppDelegate.m */,
				CC2136E81D8257620043E573 /* ViewController.h */,
				CC2136E91D8257630043E573 /* ViewController.m */,
				CC2136EB1D8257630043E573 /* Main.storyboard */,
				CC2136F11D8257630043E573 /* Assets.xcassets */,
				CC2136F31D8257630043E573 /* LaunchScreen.storyboard */,
				CC2136F61D8257630043E573 /* Info.plist */,
				CC2136EE1D8257630043E573 /* _1HomeScreen____.xcdatamodeld */,
				CC2136E21D8257620043E573 /* Supporting Files */,
				CCE57F441D82970100A6A344 /* ShortcutsDetailViewController.h */,
				CCE57F451D82970100A6A344 /* ShortcutsDetailViewController.m */,
			);
			path = "01HomeScreen快捷选项";
			sourceTree = "<group>";
		};
		CC2136E21D8257620043E573 /* Supporting Files */ = {
			isa = PBXGroup;
			children = (
				CC2136E31D8257620043E573 /* main.m */,
			);
			name = "Supporting Files";
			sourceTree = "<group>";
		};
/* End PBXGroup section */

/* Begin PBXNativeTarget section */
		CC2136DE1D8257620043E573 /* 01HomeScreen快捷选项 */ = {
			isa = PBXNativeTarget;
			buildConfigurationList = CC2136F91D8257630043E573 /* Build configuration list for PBXNativeTarget "01HomeScreen快捷选项" */;
			buildPhases = (
				CC2136DB1D8257620043E573 /* Sources */,
				CC2136DC1D8257620043E573 /* Frameworks */,
				CC2136DD1D8257620043E573 /* Resources */,
			);
			buildRules = (
			);
			dependencies = (
			);
			name = "01HomeScreen快捷选项";
			productName = "01HomeScreen快捷选项";
			productReference = CC2136DF1D8257620043E573 /* 01HomeScreen快捷选项.app */;
			productType = "com.apple.product-type.application";
		};
/* End PBXNativeTarget section */

/* Begin PBXProject section */
		CC2136D71D8257620043E573 /* Project object */ = {
			isa = PBXProject;
			attributes = {
				LastUpgradeCheck = 0730;
				ORGANIZATIONNAME = qingyun;
				TargetAttributes = {
					CC2136DE1D8257620043E573 = {
						CreatedOnToolsVersion = 7.3;
						DevelopmentTeam = LTTK5J7843;
					};
				};
			};
			buildConfigurationList = CC2136DA1D8257620043E573 /* Build configuration list for PBXProject "01HomeScreen快捷选项" */;
			compatibilityVersion = "Xcode 3.2";
			developmentRegion = English;
			hasScannedForEncodings = 0;
			knownRegions = (
				en,
				Base,
			);
			mainGroup = CC2136D61D8257620043E573;
			productRefGroup = CC2136E01D8257620043E573 /* Products */;
			projectDirPath = "";
			projectRoot = "";
			targets = (
				CC2136DE1D8257620043E573 /* 01HomeScreen快捷选项 */,
			);
		};
/* End PBXProject section */

/* Begin PBXResourcesBuildPhase section */
		CC2136DD1D8257620043E573 /* Resources */ = {
			isa = PBXResourcesBuildPhase;
			buildActionMask = 2147483647;
			files = (
				CC2136F51D8257630043E573 /* LaunchScreen.storyboard in Resources */,
				CC2136F21D8257630043E573 /* Assets.xcassets in Resources */,
				CC2136ED1D8257630043E573 /* Main.storyboard in Resources */,
			);
			runOnlyForDeploymentPostprocessing = 0;
		};
/* End PBXResourcesBuildPhase section */

/* Begin PBXSourcesBuildPhase section */
		CC2136DB1D8257620043E573 /* Sources */ = {
			isa = PBXSourcesBuildPhase;
			buildActionMask = 2147483647;
			files = (
				CC2136EA1D8257630043E573 /* ViewController.m in Sources */,
				CC2136E71D8257620043E573 /* AppDelegate.m in Sources */,
				CCE57F461D82970100A6A344 /* ShortcutsDetailViewController.m in Sources */,
				CC2136F01D8257630043E573 /* _1HomeScreen____.xcdatamodeld in Sources */,
				CC2136E41D8257620043E573 /* main.m in Sources */,
			);
			runOnlyForDeploymentPostprocessing = 0;
		};
/* End PBXSourcesBuildPhase section */

/* Begin PBXVariantGroup section */
		CC2136EB1D8257630043E573 /* Main.storyboard */ = {
			isa = PBXVariantGroup;
			children = (
				CC2136EC1D8257630043E573 /* Base */,
			);
			name = Main.storyboard;
			sourceTree = "<group>";
		};
		CC2136F31D8257630043E573 /* LaunchScreen.storyboard */ = {
			isa = PBXVariantGroup;
			children = (
				CC2136F41D8257630043E573 /* Base */,
			);
			name = LaunchScreen.storyboard;
			sourceTree = "<group>";
		};
/* End PBXVariantGroup section */

/* Begin XCBuildConfiguration section */
		CC2136F71D8257630043E573 /* Debug */ = {
			isa = XCBuildConfiguration;
			buildSettings = {
				ALWAYS_SEARCH_USER_PATHS = NO;
				CLANG_ANALYZER_NONNULL = YES;
				CLANG_CXX_LANGUAGE_STANDARD = "gnu++0x";
				CLANG_CXX_LIBRARY = "libc++";
				CLANG_ENABLE_MODULES = YES;
				CLANG_ENABLE_OBJC_ARC = YES;
				CLANG_WARN_BOOL_CONVERSION = YES;
				CLANG_WARN_CONSTANT_CONVERSION = YES;
				CLANG_WARN_DIRECT_OBJC_ISA_USAGE = YES_ERROR;
				CLANG_WARN_EMPTY_BODY = YES;
				CLANG_WARN_ENUM_CONVERSION = YES;
				CLANG_WARN_INT_CONVERSION = YES;
				CLANG_WARN_OBJC_ROOT_CLASS = YES_ERROR;
				CLANG_WARN_UNREACHABLE_CODE = YES;
				CLANG_WARN__DUPLICATE_METHOD_MATCH = YES;
				CODE_SIGN_IDENTITY = "iPhone Developer: Wei Ji (4SBEB6YH7C)";
				"CODE_SIGN_IDENTITY[sdk=iphoneos*]" = "iPhone Developer: Wei Ji (4SBEB6YH7C)";
				COPY_PHASE_STRIP = NO;
				DEBUG_INFORMATION_FORMAT = dwarf;
				ENABLE_STRICT_OBJC_MSGSEND = YES;
				ENABLE_TESTABILITY = YES;
				GCC_C_LANGUAGE_STANDARD = gnu99;
				GCC_DYNAMIC_NO_PIC = NO;
				GCC_NO_COMMON_BLOCKS = YES;
				GCC_OPTIMIZATION_LEVEL = 0;
				GCC_PREPROCESSOR_DEFINITIONS = (
					"DEBUG=1",
					"$(inherited)",
				);
				GCC_WARN_64_TO_32_BIT_CONVERSION = YES;
				GCC_WARN_ABOUT_RETURN_TYPE = YES_ERROR;
				GCC_WARN_UNDECLARED_SELECTOR = YES;
				GCC_WARN_UNINITIALIZED_AUTOS = YES_AGGRESSIVE;
				GCC_WARN_UNUSED_FUNCTION = YES;
				GCC_WARN_UNUSED_VARIABLE = YES;
				IPHONEOS_DEPLOYMENT_TARGET = 9.3;
				MTL_ENABLE_DEBUG_INFO = YES;
				ONLY_ACTIVE_ARCH = YES;
				SDKROOT = iphoneos;
			};
			name = Debug;
		};
		CC2136F81D8257630043E573 /* Release */ = {
			isa = XCBuildConfiguration;
			buildSettings = {
				ALWAYS_SEARCH_USER_PATHS = NO;
				CLANG_ANALYZER_NONNULL = YES;
				CLANG_CXX_LANGUAGE_STANDARD = "gnu++0x";
				CLANG_CXX_LIBRARY = "libc++";
				CLANG_ENABLE_MODULES = YES;
				CLANG_ENABLE_OBJC_ARC = YES;
				CLANG_WARN_BOOL_CONVERSION = YES;
				CLANG_WARN_CONSTANT_CONVERSION = YES;
				CLANG_WARN_DIRECT_OBJC_ISA_USAGE = YES_ERROR;
				CLANG_WARN_EMPTY_BODY = YES;
				CLANG_WARN_ENUM_CONVERSION = YES;
				CLANG_WARN_INT_CONVERSION = YES;
				CLANG_WARN_OBJC_ROOT_CLASS = YES_ERROR;
				CLANG_WARN_UNREACHABLE_CODE = YES;
				CLANG_WARN__DUPLICATE_METHOD_MATCH = YES;
				"CODE_SIGN_IDENTITY[sdk=iphoneos*]" = "iPhone Developer";
				COPY_PHASE_STRIP = NO;
				DEBUG_INFORMATION_FORMAT = "dwarf-with-dsym";
				ENABLE_NS_ASSERTIONS = NO;
				ENABLE_STRICT_OBJC_MSGSEND = YES;
				GCC_C_LANGUAGE_STANDARD = gnu99;
				GCC_NO_COMMON_BLOCKS = YES;
				GCC_WARN_64_TO_32_BIT_CONVERSION = YES;
				GCC_WARN_ABOUT_RETURN_TYPE = YES_ERROR;
				GCC_WARN_UNDECLARED_SELECTOR = YES;
				GCC_WARN_UNINITIALIZED_AUTOS = YES_AGGRESSIVE;
				GCC_WARN_UNUSED_FUNCTION = YES;
				GCC_WARN_UNUSED_VARIABLE = YES;
				IPHONEOS_DEPLOYMENT_TARGET = 9.3;
				MTL_ENABLE_DEBUG_INFO = NO;
				SDKROOT = iphoneos;
				VALIDATE_PRODUCT = YES;
			};
			name = Release;
		};
		CC2136FA1D8257630043E573 /* Debug */ = {
			isa = XCBuildConfiguration;
			buildSettings = {
				ASSETCATALOG_COMPILER_APPICON_NAME = AppIcon;
				CODE_SIGN_IDENTITY = "iPhone Developer";
				"CODE_SIGN_IDENTITY[sdk=iphoneos*]" = "iPhone Developer";
				INFOPLIST_FILE = "01HomeScreen快捷选项/Info.plist";
				LD_RUNPATH_SEARCH_PATHS = "$(inherited) @executable_path/Frameworks";
				PRODUCT_BUNDLE_IDENTIFIER = com.qingyun.runpath1;
				PRODUCT_NAME = "$(TARGET_NAME)";
				PROVISIONING_PROFILE = "";
			};
			name = Debug;
		};
		CC2136FB1D8257630043E573 /* Release */ = {
			isa = XCBuildConfiguration;
			buildSettings = {
				ASSETCATALOG_COMPILER_APPICON_NAME = AppIcon;
				CODE_SIGN_IDENTITY = "iPhone Developer";
				"CODE_SIGN_IDENTITY[sdk=iphoneos*]" = "iPhone Developer";
				INFOPLIST_FILE = "01HomeScreen快捷选项/Info.plist";
				LD_RUNPATH_SEARCH_PATHS = "$(inherited) @executable_path/Frameworks";
				PRODUCT_BUNDLE_IDENTIFIER = com.qingyun.runpath1;
				PRODUCT_NAME = "$(TARGET_NAME)";
				PROVISIONING_PROFILE = "";
			};
			name = Release;
		};
/* End XCBuildConfiguration section */

/* Begin XCConfigurationList section */
		CC2136DA1D8257620043E573 /* Build configuration list for PBXProject "01HomeScreen快捷选项" */ = {
			isa = XCConfigurationList;
			buildConfigurations = (
				CC2136F71D8257630043E573 /* Debug */,
				CC2136F81D8257630043E573 /* Release */,
			);
			defaultConfigurationIsVisible = 0;
			defaultConfigurationName = Release;
		};
		CC2136F91D8257630043E573 /* Build configuration list for PBXNativeTarget "01HomeScreen快捷选项" */ = {
			isa = XCConfigurationList;
			buildConfigurations = (
				CC2136FA1D8257630043E573 /* Debug */,
				CC2136FB1D8257630043E573 /* Release */,
			);
			defaultConfigurationIsVisible = 0;
			defaultConfigurationName = Release;
		};
/* End XCConfigurationList section */

/* Begin XCVersionGroup section */
		CC2136EE1D8257630043E573 /* _1HomeScreen____.xcdatamodeld */ = {
			isa = XCVersionGroup;
			children = (
				CC2136EF1D8257630043E573 /* _1HomeScreen____.xcdatamodel */,
			);
			currentVersion = CC2136EF1D8257630043E573 /* _1HomeScreen____.xcdatamodel */;
			path = "_1HomeScreen____.xcdatamodeld";
			sourceTree = "<group>";
			versionGroupType = wrapper.xcdatamodel;
		};
/* End XCVersionGroup section */
	};
	rootObject = CC2136D71D8257620043E573 /* Project object */;
}
