// !$*UTF8*$!
{
	archiveVersion = 1;
	classes = {
	};
	objectVersion = 46;
	objects = {

/* Begin PBXBuildFile section */
		CCF4ED6A1D94D6340050860C /* AppDelegate.swift in Sources */ = {isa = PBXBuildFile; fileRef = CCF4ED691D94D6340050860C /* AppDelegate.swift */; };
		CCF4ED6C1D94D6340050860C /* ViewController.swift in Sources */ = {isa = PBXBuildFile; fileRef = CCF4ED6B1D94D6340050860C /* ViewController.swift */; };
		CCF4ED6F1D94D6340050860C /* Main.storyboard in Resources */ = {isa = PBXBuildFile; fileRef = CCF4ED6D1D94D6340050860C /* Main.storyboard */; };
		CCF4ED721D94D6340050860C /* _4__.xcdatamodeld in Sources */ = {isa = PBXBuildFile; fileRef = CCF4ED701D94D6340050860C /* _4__.xcdatamodeld */; };
		CCF4ED741D94D6340050860C /* Assets.xcassets in Resources */ = {isa = PBXBuildFile; fileRef = CCF4ED731D94D6340050860C /* Assets.xcassets */; };
		CCF4ED771D94D6340050860C /* LaunchScreen.storyboard in Resources */ = {isa = PBXBuildFile; fileRef = CCF4ED751D94D6340050860C /* LaunchScreen.storyboard */; };
		CCF4ED7F1D9518E00050860C /* NewsModel.swift in Sources */ = {isa = PBXBuildFile; fileRef = CCF4ED7E1D9518E00050860C /* NewsModel.swift */; };
		CCF4ED811D9519E20050860C /* StoryModel.swift in Sources */ = {isa = PBXBuildFile; fileRef = CCF4ED801D9519E20050860C /* StoryModel.swift */; };
		F336DC8AFF35613FCDC3C960 /* Pods_04__.framework in Frameworks */ = {isa = PBXBuildFile; fileRef = 0C706476307AB682FBA34727 /* Pods_04__.framework */; };
/* End PBXBuildFile section */

/* Begin PBXFileReference section */
		0C706476307AB682FBA34727 /* Pods_04__.framework */ = {isa = PBXFileReference; explicitFileType = wrapper.framework; includeInIndex = 0; path = Pods_04__.framework; sourceTree = BUILT_PRODUCTS_DIR; };
		7E5465B36E61664427D8180C /* Pods-04网络.debug.xcconfig */ = {isa = PBXFileReference; includeInIndex = 1; lastKnownFileType = text.xcconfig; name = "Pods-04网络.debug.xcconfig"; path = "Pods/Target Support Files/Pods-04网络/Pods-04网络.debug.xcconfig"; sourceTree = "<group>"; };
		CCF4ED661D94D6340050860C /* 04网络.app */ = {isa = PBXFileReference; explicitFileType = wrapper.application; includeInIndex = 0; path = "04网络.app"; sourceTree = BUILT_PRODUCTS_DIR; };
		CCF4ED691D94D6340050860C /* AppDelegate.swift */ = {isa = PBXFileReference; lastKnownFileType = sourcecode.swift; path = AppDelegate.swift; sourceTree = "<group>"; };
		CCF4ED6B1D94D6340050860C /* ViewController.swift */ = {isa = PBXFileReference; lastKnownFileType = sourcecode.swift; path = ViewController.swift; sourceTree = "<group>"; };
		CCF4ED6E1D94D6340050860C /* Base */ = {isa = PBXFileReference; lastKnownFileType = file.storyboard; name = Base; path = Base.lproj/Main.storyboard; sourceTree = "<group>"; };
		CCF4ED711D94D6340050860C /* _4__.xcdatamodel */ = {isa = PBXFileReference; lastKnownFileType = wrapper.xcdatamodel; path = _4__.xcdatamodel; sourceTree = "<group>"; };
		CCF4ED731D94D6340050860C /* Assets.xcassets */ = {isa = PBXFileReference; lastKnownFileType = folder.assetcatalog; path = Assets.xcassets; sourceTree = "<group>"; };
		CCF4ED761D94D6340050860C /* Base */ = {isa = PBXFileReference; lastKnownFileType = file.storyboard; name = Base; path = Base.lproj/LaunchScreen.storyboard; sourceTree = "<group>"; };
		CCF4ED781D94D6340050860C /* Info.plist */ = {isa = PBXFileReference; lastKnownFileType = text.plist.xml; path = Info.plist; sourceTree = "<group>"; };
		CCF4ED7E1D9518E00050860C /* NewsModel.swift */ = {isa = PBXFileReference; fileEncoding = 4; lastKnownFileType = sourcecode.swift; path = NewsModel.swift; sourceTree = "<group>"; };
		CCF4ED801D9519E20050860C /* StoryModel.swift */ = {isa = PBXFileReference; fileEncoding = 4; lastKnownFileType = sourcecode.swift; path = StoryModel.swift; sourceTree = "<group>"; };
		DBE1EF84F13B4DAD3FF746F4 /* Pods-04网络.release.xcconfig */ = {isa = PBXFileReference; includeInIndex = 1; lastKnownFileType = text.xcconfig; name = "Pods-04网络.release.xcconfig"; path = "Pods/Target Support Files/Pods-04网络/Pods-04网络.release.xcconfig"; sourceTree = "<group>"; };
/* End PBXFileReference section */

/* Begin PBXFrameworksBuildPhase section */
		CCF4ED631D94D6340050860C /* Frameworks */ = {
			isa = PBXFrameworksBuildPhase;
			buildActionMask = 2147483647;
			files = (
				F336DC8AFF35613FCDC3C960 /* Pods_04__.framework in Frameworks */,
			);
			runOnlyForDeploymentPostprocessing = 0;
		};
/* End PBXFrameworksBuildPhase section */

/* Begin PBXGroup section */
		A277F4D3EA3FC8C5CEDB8BDD /* Frameworks */ = {
			isa = PBXGroup;
			children = (
				0C706476307AB682FBA34727 /* Pods_04__.framework */,
			);
			name = Frameworks;
			sourceTree = "<group>";
		};
		BAB4F786D42051F81703CD24 /* Pods */ = {
			isa = PBXGroup;
			children = (
				7E5465B36E61664427D8180C /* Pods-04网络.debug.xcconfig */,
				DBE1EF84F13B4DAD3FF746F4 /* Pods-04网络.release.xcconfig */,
			);
			name = Pods;
			sourceTree = "<group>";
		};
		CCF4ED5D1D94D6340050860C = {
			isa = PBXGroup;
			children = (
				CCF4ED681D94D6340050860C /* 04网络 */,
				CCF4ED671D94D6340050860C /* Products */,
				BAB4F786D42051F81703CD24 /* Pods */,
				A277F4D3EA3FC8C5CEDB8BDD /* Frameworks */,
			);
			sourceTree = "<group>";
		};
		CCF4ED671D94D6340050860C /* Products */ = {
			isa = PBXGroup;
			children = (
				CCF4ED661D94D6340050860C /* 04网络.app */,
			);
			name = Products;
			sourceTree = "<group>";
		};
		CCF4ED681D94D6340050860C /* 04网络 */ = {
			isa = PBXGroup;
			children = (
				CCF4ED691D94D6340050860C /* AppDelegate.swift */,
				CCF4ED6B1D94D6340050860C /* ViewController.swift */,
				CCF4ED6D1D94D6340050860C /* Main.storyboard */,
				CCF4ED731D94D6340050860C /* Assets.xcassets */,
				CCF4ED751D94D6340050860C /* LaunchScreen.storyboard */,
				CCF4ED781D94D6340050860C /* Info.plist */,
				CCF4ED701D94D6340050860C /* _4__.xcdatamodeld */,
				CCF4ED7E1D9518E00050860C /* NewsModel.swift */,
				CCF4ED801D9519E20050860C /* StoryModel.swift */,
			);
			path = "04网络";
			sourceTree = "<group>";
		};
/* End PBXGroup section */

/* Begin PBXNativeTarget section */
		CCF4ED651D94D6340050860C /* 04网络 */ = {
			isa = PBXNativeTarget;
			buildConfigurationList = CCF4ED7B1D94D6340050860C /* Build configuration list for PBXNativeTarget "04网络" */;
			buildPhases = (
				D35F08396380C786F36E1ACF /* [CP] Check Pods Manifest.lock */,
				CCF4ED621D94D6340050860C /* Sources */,
				CCF4ED631D94D6340050860C /* Frameworks */,
				CCF4ED641D94D6340050860C /* Resources */,
				0BF67A4AD9809B4BFAC4B02F /* [CP] Embed Pods Frameworks */,
				4F7BE053DD6151A169A6FFDE /* [CP] Copy Pods Resources */,
			);
			buildRules = (
			);
			dependencies = (
			);
			name = "04网络";
			productName = "04网络";
			productReference = CCF4ED661D94D6340050860C /* 04网络.app */;
			productType = "com.apple.product-type.application";
		};
/* End PBXNativeTarget section */

/* Begin PBXProject section */
		CCF4ED5E1D94D6340050860C /* Project object */ = {
			isa = PBXProject;
			attributes = {
				LastSwiftUpdateCheck = 0730;
				LastUpgradeCheck = 0730;
				ORGANIZATIONNAME = qingyun;
				TargetAttributes = {
					CCF4ED651D94D6340050860C = {
						CreatedOnToolsVersion = 7.3;
					};
				};
			};
			buildConfigurationList = CCF4ED611D94D6340050860C /* Build configuration list for PBXProject "04网络" */;
			compatibilityVersion = "Xcode 3.2";
			developmentRegion = English;
			hasScannedForEncodings = 0;
			knownRegions = (
				en,
				Base,
			);
			mainGroup = CCF4ED5D1D94D6340050860C;
			productRefGroup = CCF4ED671D94D6340050860C /* Products */;
			projectDirPath = "";
			projectRoot = "";
			targets = (
				CCF4ED651D94D6340050860C /* 04网络 */,
			);
		};
/* End PBXProject section */

/* Begin PBXResourcesBuildPhase section */
		CCF4ED641D94D6340050860C /* Resources */ = {
			isa = PBXResourcesBuildPhase;
			buildActionMask = 2147483647;
			files = (
				CCF4ED771D94D6340050860C /* LaunchScreen.storyboard in Resources */,
				CCF4ED741D94D6340050860C /* Assets.xcassets in Resources */,
				CCF4ED6F1D94D6340050860C /* Main.storyboard in Resources */,
			);
			runOnlyForDeploymentPostprocessing = 0;
		};
/* End PBXResourcesBuildPhase section */

/* Begin PBXShellScriptBuildPhase section */
		0BF67A4AD9809B4BFAC4B02F /* [CP] Embed Pods Frameworks */ = {
			isa = PBXShellScriptBuildPhase;
			buildActionMask = 2147483647;
			files = (
			);
			inputPaths = (
			);
			name = "[CP] Embed Pods Frameworks";
			outputPaths = (
			);
			runOnlyForDeploymentPostprocessing = 0;
			shellPath = /bin/sh;
			shellScript = "\"${SRCROOT}/Pods/Target Support Files/Pods-04网络/Pods-04网络-frameworks.sh\"\n";
			showEnvVarsInLog = 0;
		};
		4F7BE053DD6151A169A6FFDE /* [CP] Copy Pods Resources */ = {
			isa = PBXShellScriptBuildPhase;
			buildActionMask = 2147483647;
			files = (
			);
			inputPaths = (
			);
			name = "[CP] Copy Pods Resources";
			outputPaths = (
			);
			runOnlyForDeploymentPostprocessing = 0;
			shellPath = /bin/sh;
			shellScript = "\"${SRCROOT}/Pods/Target Support Files/Pods-04网络/Pods-04网络-resources.sh\"\n";
			showEnvVarsInLog = 0;
		};
		D35F08396380C786F36E1ACF /* [CP] Check Pods Manifest.lock */ = {
			isa = PBXShellScriptBuildPhase;
			buildActionMask = 2147483647;
			files = (
			);
			inputPaths = (
			);
			name = "[CP] Check Pods Manifest.lock";
			outputPaths = (
			);
			runOnlyForDeploymentPostprocessing = 0;
			shellPath = /bin/sh;
			shellScript = "diff \"${PODS_ROOT}/../Podfile.lock\" \"${PODS_ROOT}/Manifest.lock\" > /dev/null\nif [[ $? != 0 ]] ; then\n    cat << EOM\nerror: The sandbox is not in sync with the Podfile.lock. Run 'pod install' or update your CocoaPods installation.\nEOM\n    exit 1\nfi\n";
			showEnvVarsInLog = 0;
		};
/* End PBXShellScriptBuildPhase section */

/* Begin PBXSourcesBuildPhase section */
		CCF4ED621D94D6340050860C /* Sources */ = {
			isa = PBXSourcesBuildPhase;
			buildActionMask = 2147483647;
			files = (
				CCF4ED7F1D9518E00050860C /* NewsModel.swift in Sources */,
				CCF4ED6C1D94D6340050860C /* ViewController.swift in Sources */,
				CCF4ED6A1D94D6340050860C /* AppDelegate.swift in Sources */,
				CCF4ED721D94D6340050860C /* _4__.xcdatamodeld in Sources */,
				CCF4ED811D9519E20050860C /* StoryModel.swift in Sources */,
			);
			runOnlyForDeploymentPostprocessing = 0;
		};
/* End PBXSourcesBuildPhase section */

/* Begin PBXVariantGroup section */
		CCF4ED6D1D94D6340050860C /* Main.storyboard */ = {
			isa = PBXVariantGroup;
			children = (
				CCF4ED6E1D94D6340050860C /* Base */,
			);
			name = Main.storyboard;
			sourceTree = "<group>";
		};
		CCF4ED751D94D6340050860C /* LaunchScreen.storyboard */ = {
			isa = PBXVariantGroup;
			children = (
				CCF4ED761D94D6340050860C /* Base */,
			);
			name = LaunchScreen.storyboard;
			sourceTree = "<group>";
		};
/* End PBXVariantGroup section */

/* Begin XCBuildConfiguration section */
		CCF4ED791D94D6340050860C /* Debug */ = {
			isa = XCBuildConfiguration;
			buildSettings = {
				ALWAYS_SEARCH_USER_PATHS = NO;
				CLANG_ANALYZER_NONNULL = YES;
				CLANG_CXX_LANGUAGE_STANDARD = "gnu++0x";
				CLANG_CXX_LIBRARY = "libc++";
				CLANG_ENABLE_MODULES = YES;
				CLANG_ENABLE_OBJC_ARC = YES;
				CLANG_WARN_BOOL_CONVERSION = YES;
				CLANG_WARN_CONSTANT_CONVERSION = YES;
				CLANG_WARN_DIRECT_OBJC_ISA_USAGE = YES_ERROR;
				CLANG_WARN_EMPTY_BODY = YES;
				CLANG_WARN_ENUM_CONVERSION = YES;
				CLANG_WARN_INT_CONVERSION = YES;
				CLANG_WARN_OBJC_ROOT_CLASS = YES_ERROR;
				CLANG_WARN_UNREACHABLE_CODE = YES;
				CLANG_WARN__DUPLICATE_METHOD_MATCH = YES;
				"CODE_SIGN_IDENTITY[sdk=iphoneos*]" = "iPhone Developer";
				COPY_PHASE_STRIP = NO;
				DEBUG_INFORMATION_FORMAT = dwarf;
				ENABLE_STRICT_OBJC_MSGSEND = YES;
				ENABLE_TESTABILITY = YES;
				GCC_C_LANGUAGE_STANDARD = gnu99;
				GCC_DYNAMIC_NO_PIC = NO;
				GCC_NO_COMMON_BLOCKS = YES;
				GCC_OPTIMIZATION_LEVEL = 0;
				GCC_PREPROCESSOR_DEFINITIONS = (
					"DEBUG=1",
					"$(inherited)",
				);
				GCC_WARN_64_TO_32_BIT_CONVERSION = YES;
				GCC_WARN_ABOUT_RETURN_TYPE = YES_ERROR;
				GCC_WARN_UNDECLARED_SELECTOR = YES;
				GCC_WARN_UNINITIALIZED_AUTOS = YES_AGGRESSIVE;
				GCC_WARN_UNUSED_FUNCTION = YES;
				GCC_WARN_UNUSED_VARIABLE = YES;
				IPHONEOS_DEPLOYMENT_TARGET = 9.3;
				MTL_ENABLE_DEBUG_INFO = YES;
				ONLY_ACTIVE_ARCH = YES;
				SDKROOT = iphoneos;
				SWIFT_OPTIMIZATION_LEVEL = "-Onone";
			};
			name = Debug;
		};
		CCF4ED7A1D94D6340050860C /* Release */ = {
			isa = XCBuildConfiguration;
			buildSettings = {
				ALWAYS_SEARCH_USER_PATHS = NO;
				CLANG_ANALYZER_NONNULL = YES;
				CLANG_CXX_LANGUAGE_STANDARD = "gnu++0x";
				CLANG_CXX_LIBRARY = "libc++";
				CLANG_ENABLE_MODULES = YES;
				CLANG_ENABLE_OBJC_ARC = YES;
				CLANG_WARN_BOOL_CONVERSION = YES;
				CLANG_WARN_CONSTANT_CONVERSION = YES;
				CLANG_WARN_DIRECT_OBJC_ISA_USAGE = YES_ERROR;
				CLANG_WARN_EMPTY_BODY = YES;
				CLANG_WARN_ENUM_CONVERSION = YES;
				CLANG_WARN_INT_CONVERSION = YES;
				CLANG_WARN_OBJC_ROOT_CLASS = YES_ERROR;
				CLANG_WARN_UNREACHABLE_CODE = YES;
				CLANG_WARN__DUPLICATE_METHOD_MATCH = YES;
				"CODE_SIGN_IDENTITY[sdk=iphoneos*]" = "iPhone Developer";
				COPY_PHASE_STRIP = NO;
				DEBUG_INFORMATION_FORMAT = "dwarf-with-dsym";
				ENABLE_NS_ASSERTIONS = NO;
				ENABLE_STRICT_OBJC_MSGSEND = YES;
				GCC_C_LANGUAGE_STANDARD = gnu99;
				GCC_NO_COMMON_BLOCKS = YES;
				GCC_WARN_64_TO_32_BIT_CONVERSION = YES;
				GCC_WARN_ABOUT_RETURN_TYPE = YES_ERROR;
				GCC_WARN_UNDECLARED_SELECTOR = YES;
				GCC_WARN_UNINITIALIZED_AUTOS = YES_AGGRESSIVE;
				GCC_WARN_UNUSED_FUNCTION = YES;
				GCC_WARN_UNUSED_VARIABLE = YES;
				IPHONEOS_DEPLOYMENT_TARGET = 9.3;
				MTL_ENABLE_DEBUG_INFO = NO;
				SDKROOT = iphoneos;
				VALIDATE_PRODUCT = YES;
			};
			name = Release;
		};
		CCF4ED7C1D94D6340050860C /* Debug */ = {
			isa = XCBuildConfiguration;
			baseConfigurationReference = 7E5465B36E61664427D8180C /* Pods-04网络.debug.xcconfig */;
			buildSettings = {
				ASSETCATALOG_COMPILER_APPICON_NAME = AppIcon;
				INFOPLIST_FILE = "04网络/Info.plist";
				LD_RUNPATH_SEARCH_PATHS = "$(inherited) @executable_path/Frameworks";
				PRODUCT_BUNDLE_IDENTIFIER = "com.qingyun.-4--";
				PRODUCT_NAME = "$(TARGET_NAME)";
			};
			name = Debug;
		};
		CCF4ED7D1D94D6340050860C /* Release */ = {
			isa = XCBuildConfiguration;
			baseConfigurationReference = DBE1EF84F13B4DAD3FF746F4 /* Pods-04网络.release.xcconfig */;
			buildSettings = {
				ASSETCATALOG_COMPILER_APPICON_NAME = AppIcon;
				INFOPLIST_FILE = "04网络/Info.plist";
				LD_RUNPATH_SEARCH_PATHS = "$(inherited) @executable_path/Frameworks";
				PRODUCT_BUNDLE_IDENTIFIER = "com.qingyun.-4--";
				PRODUCT_NAME = "$(TARGET_NAME)";
			};
			name = Release;
		};
/* End XCBuildConfiguration section */

/* Begin XCConfigurationList section */
		CCF4ED611D94D6340050860C /* Build configuration list for PBXProject "04网络" */ = {
			isa = XCConfigurationList;
			buildConfigurations = (
				CCF4ED791D94D6340050860C /* Debug */,
				CCF4ED7A1D94D6340050860C /* Release */,
			);
			defaultConfigurationIsVisible = 0;
			defaultConfigurationName = Release;
		};
		CCF4ED7B1D94D6340050860C /* Build configuration list for PBXNativeTarget "04网络" */ = {
			isa = XCConfigurationList;
			buildConfigurations = (
				CCF4ED7C1D94D6340050860C /* Debug */,
				CCF4ED7D1D94D6340050860C /* Release */,
			);
			defaultConfigurationIsVisible = 0;
			defaultConfigurationName = Release;
		};
/* End XCConfigurationList section */

/* Begin XCVersionGroup section */
		CCF4ED701D94D6340050860C /* _4__.xcdatamodeld */ = {
			isa = XCVersionGroup;
			children = (
				CCF4ED711D94D6340050860C /* _4__.xcdatamodel */,
			);
			currentVersion = CCF4ED711D94D6340050860C /* _4__.xcdatamodel */;
			path = _4__.xcdatamodeld;
			sourceTree = "<group>";
			versionGroupType = wrapper.xcdatamodel;
		};
/* End XCVersionGroup section */
	};
	rootObject = CCF4ED5E1D94D6340050860C /* Project object */;
}
