// !$*UTF8*$!
{
	archiveVersion = 1;
	classes = {
	};
	objectVersion = 46;
	objects = {

/* Begin PBXBuildFile section */
		CC53A02D1D88E42D00EF3CB3 /* main.m in Sources */ = {isa = PBXBuildFile; fileRef = CC53A02C1D88E42D00EF3CB3 /* main.m */; };
		CC53A0301D88E42D00EF3CB3 /* AppDelegate.m in Sources */ = {isa = PBXBuildFile; fileRef = CC53A02F1D88E42D00EF3CB3 /* AppDelegate.m */; };
		CC53A0331D88E42D00EF3CB3 /* ViewController.m in Sources */ = {isa = PBXBuildFile; fileRef = CC53A0321D88E42D00EF3CB3 /* ViewController.m */; };
		CC53A0361D88E42D00EF3CB3 /* Main.storyboard in Resources */ = {isa = PBXBuildFile; fileRef = CC53A0341D88E42D00EF3CB3 /* Main.storyboard */; };
		CC53A0391D88E42D00EF3CB3 /* _1_CALayer.xcdatamodeld in Sources */ = {isa = PBXBuildFile; fileRef = CC53A0371D88E42D00EF3CB3 /* _1_CALayer.xcdatamodeld */; };
		CC53A03B1D88E42D00EF3CB3 /* Assets.xcassets in Resources */ = {isa = PBXBuildFile; fileRef = CC53A03A1D88E42D00EF3CB3 /* Assets.xcassets */; };
		CC53A03E1D88E42D00EF3CB3 /* LaunchScreen.storyboard in Resources */ = {isa = PBXBuildFile; fileRef = CC53A03C1D88E42D00EF3CB3 /* LaunchScreen.storyboard */; };
		CC53A0471D88E9AD00EF3CB3 /* QYLayer.m in Sources */ = {isa = PBXBuildFile; fileRef = CC53A0461D88E9AD00EF3CB3 /* QYLayer.m */; };
		CC53A0491D88F34000EF3CB3 /* StarMask.png in Resources */ = {isa = PBXBuildFile; fileRef = CC53A0481D88F34000EF3CB3 /* StarMask.png */; };
/* End PBXBuildFile section */

/* Begin PBXFileReference section */
		CC53A0281D88E42D00EF3CB3 /* 01-CALayer.app */ = {isa = PBXFileReference; explicitFileType = wrapper.application; includeInIndex = 0; path = "01-CALayer.app"; sourceTree = BUILT_PRODUCTS_DIR; };
		CC53A02C1D88E42D00EF3CB3 /* main.m */ = {isa = PBXFileReference; lastKnownFileType = sourcecode.c.objc; path = main.m; sourceTree = "<group>"; };
		CC53A02E1D88E42D00EF3CB3 /* AppDelegate.h */ = {isa = PBXFileReference; lastKnownFileType = sourcecode.c.h; path = AppDelegate.h; sourceTree = "<group>"; };
		CC53A02F1D88E42D00EF3CB3 /* AppDelegate.m */ = {isa = PBXFileReference; lastKnownFileType = sourcecode.c.objc; path = AppDelegate.m; sourceTree = "<group>"; };
		CC53A0311D88E42D00EF3CB3 /* ViewController.h */ = {isa = PBXFileReference; lastKnownFileType = sourcecode.c.h; path = ViewController.h; sourceTree = "<group>"; };
		CC53A0321D88E42D00EF3CB3 /* ViewController.m */ = {isa = PBXFileReference; lastKnownFileType = sourcecode.c.objc; path = ViewController.m; sourceTree = "<group>"; };
		CC53A0351D88E42D00EF3CB3 /* Base */ = {isa = PBXFileReference; lastKnownFileType = file.storyboard; name = Base; path = Base.lproj/Main.storyboard; sourceTree = "<group>"; };
		CC53A0381D88E42D00EF3CB3 /* _1_CALayer.xcdatamodel */ = {isa = PBXFileReference; lastKnownFileType = wrapper.xcdatamodel; path = _1_CALayer.xcdatamodel; sourceTree = "<group>"; };
		CC53A03A1D88E42D00EF3CB3 /* Assets.xcassets */ = {isa = PBXFileReference; lastKnownFileType = folder.assetcatalog; path = Assets.xcassets; sourceTree = "<group>"; };
		CC53A03D1D88E42D00EF3CB3 /* Base */ = {isa = PBXFileReference; lastKnownFileType = file.storyboard; name = Base; path = Base.lproj/LaunchScreen.storyboard; sourceTree = "<group>"; };
		CC53A03F1D88E42D00EF3CB3 /* Info.plist */ = {isa = PBXFileReference; lastKnownFileType = text.plist.xml; path = Info.plist; sourceTree = "<group>"; };
		CC53A0451D88E9AD00EF3CB3 /* QYLayer.h */ = {isa = PBXFileReference; fileEncoding = 4; lastKnownFileType = sourcecode.c.h; path = QYLayer.h; sourceTree = "<group>"; };
		CC53A0461D88E9AD00EF3CB3 /* QYLayer.m */ = {isa = PBXFileReference; fileEncoding = 4; lastKnownFileType = sourcecode.c.objc; path = QYLayer.m; sourceTree = "<group>"; };
		CC53A0481D88F34000EF3CB3 /* StarMask.png */ = {isa = PBXFileReference; lastKnownFileType = image.png; path = StarMask.png; sourceTree = "<group>"; };
/* End PBXFileReference section */

/* Begin PBXFrameworksBuildPhase section */
		CC53A0251D88E42D00EF3CB3 /* Frameworks */ = {
			isa = PBXFrameworksBuildPhase;
			buildActionMask = 2147483647;
			files = (
			);
			runOnlyForDeploymentPostprocessing = 0;
		};
/* End PBXFrameworksBuildPhase section */

/* Begin PBXGroup section */
		CC53A01F1D88E42D00EF3CB3 = {
			isa = PBXGroup;
			children = (
				CC53A02A1D88E42D00EF3CB3 /* 01-CALayer */,
				CC53A0291D88E42D00EF3CB3 /* Products */,
			);
			sourceTree = "<group>";
		};
		CC53A0291D88E42D00EF3CB3 /* Products */ = {
			isa = PBXGroup;
			children = (
				CC53A0281D88E42D00EF3CB3 /* 01-CALayer.app */,
			);
			name = Products;
			sourceTree = "<group>";
		};
		CC53A02A1D88E42D00EF3CB3 /* 01-CALayer */ = {
			isa = PBXGroup;
			children = (
				CC53A0481D88F34000EF3CB3 /* StarMask.png */,
				CC53A02E1D88E42D00EF3CB3 /* AppDelegate.h */,
				CC53A02F1D88E42D00EF3CB3 /* AppDelegate.m */,
				CC53A0311D88E42D00EF3CB3 /* ViewController.h */,
				CC53A0321D88E42D00EF3CB3 /* ViewController.m */,
				CC53A0341D88E42D00EF3CB3 /* Main.storyboard */,
				CC53A03A1D88E42D00EF3CB3 /* Assets.xcassets */,
				CC53A03C1D88E42D00EF3CB3 /* LaunchScreen.storyboard */,
				CC53A03F1D88E42D00EF3CB3 /* Info.plist */,
				CC53A0371D88E42D00EF3CB3 /* _1_CALayer.xcdatamodeld */,
				CC53A02B1D88E42D00EF3CB3 /* Supporting Files */,
				CC53A0451D88E9AD00EF3CB3 /* QYLayer.h */,
				CC53A0461D88E9AD00EF3CB3 /* QYLayer.m */,
			);
			path = "01-CALayer";
			sourceTree = "<group>";
		};
		CC53A02B1D88E42D00EF3CB3 /* Supporting Files */ = {
			isa = PBXGroup;
			children = (
				CC53A02C1D88E42D00EF3CB3 /* main.m */,
			);
			name = "Supporting Files";
			sourceTree = "<group>";
		};
/* End PBXGroup section */

/* Begin PBXNativeTarget section */
		CC53A0271D88E42D00EF3CB3 /* 01-CALayer */ = {
			isa = PBXNativeTarget;
			buildConfigurationList = CC53A0421D88E42D00EF3CB3 /* Build configuration list for PBXNativeTarget "01-CALayer" */;
			buildPhases = (
				CC53A0241D88E42D00EF3CB3 /* Sources */,
				CC53A0251D88E42D00EF3CB3 /* Frameworks */,
				CC53A0261D88E42D00EF3CB3 /* Resources */,
			);
			buildRules = (
			);
			dependencies = (
			);
			name = "01-CALayer";
			productName = "01-CALayer";
			productReference = CC53A0281D88E42D00EF3CB3 /* 01-CALayer.app */;
			productType = "com.apple.product-type.application";
		};
/* End PBXNativeTarget section */

/* Begin PBXProject section */
		CC53A0201D88E42D00EF3CB3 /* Project object */ = {
			isa = PBXProject;
			attributes = {
				LastUpgradeCheck = 0800;
				ORGANIZATIONNAME = qingyun;
				TargetAttributes = {
					CC53A0271D88E42D00EF3CB3 = {
						CreatedOnToolsVersion = 8.0;
						ProvisioningStyle = Automatic;
					};
				};
			};
			buildConfigurationList = CC53A0231D88E42D00EF3CB3 /* Build configuration list for PBXProject "01-CALayer" */;
			compatibilityVersion = "Xcode 3.2";
			developmentRegion = English;
			hasScannedForEncodings = 0;
			knownRegions = (
				en,
				Base,
			);
			mainGroup = CC53A01F1D88E42D00EF3CB3;
			productRefGroup = CC53A0291D88E42D00EF3CB3 /* Products */;
			projectDirPath = "";
			projectRoot = "";
			targets = (
				CC53A0271D88E42D00EF3CB3 /* 01-CALayer */,
			);
		};
/* End PBXProject section */

/* Begin PBXResourcesBuildPhase section */
		CC53A0261D88E42D00EF3CB3 /* Resources */ = {
			isa = PBXResourcesBuildPhase;
			buildActionMask = 2147483647;
			files = (
				CC53A03E1D88E42D00EF3CB3 /* LaunchScreen.storyboard in Resources */,
				CC53A0491D88F34000EF3CB3 /* StarMask.png in Resources */,
				CC53A03B1D88E42D00EF3CB3 /* Assets.xcassets in Resources */,
				CC53A0361D88E42D00EF3CB3 /* Main.storyboard in Resources */,
			);
			runOnlyForDeploymentPostprocessing = 0;
		};
/* End PBXResourcesBuildPhase section */

/* Begin PBXSourcesBuildPhase section */
		CC53A0241D88E42D00EF3CB3 /* Sources */ = {
			isa = PBXSourcesBuildPhase;
			buildActionMask = 2147483647;
			files = (
				CC53A0331D88E42D00EF3CB3 /* ViewController.m in Sources */,
				CC53A0301D88E42D00EF3CB3 /* AppDelegate.m in Sources */,
				CC53A02D1D88E42D00EF3CB3 /* main.m in Sources */,
				CC53A0391D88E42D00EF3CB3 /* _1_CALayer.xcdatamodeld in Sources */,
				CC53A0471D88E9AD00EF3CB3 /* QYLayer.m in Sources */,
			);
			runOnlyForDeploymentPostprocessing = 0;
		};
/* End PBXSourcesBuildPhase section */

/* Begin PBXVariantGroup section */
		CC53A0341D88E42D00EF3CB3 /* Main.storyboard */ = {
			isa = PBXVariantGroup;
			children = (
				CC53A0351D88E42D00EF3CB3 /* Base */,
			);
			name = Main.storyboard;
			sourceTree = "<group>";
		};
		CC53A03C1D88E42D00EF3CB3 /* LaunchScreen.storyboard */ = {
			isa = PBXVariantGroup;
			children = (
				CC53A03D1D88E42D00EF3CB3 /* Base */,
			);
			name = LaunchScreen.storyboard;
			sourceTree = "<group>";
		};
/* End PBXVariantGroup section */

/* Begin XCBuildConfiguration section */
		CC53A0401D88E42D00EF3CB3 /* Debug */ = {
			isa = XCBuildConfiguration;
			buildSettings = {
				ALWAYS_SEARCH_USER_PATHS = NO;
				CLANG_ANALYZER_NONNULL = YES;
				CLANG_CXX_LANGUAGE_STANDARD = "gnu++0x";
				CLANG_CXX_LIBRARY = "libc++";
				CLANG_ENABLE_MODULES = YES;
				CLANG_ENABLE_OBJC_ARC = YES;
				CLANG_WARN_BOOL_CONVERSION = YES;
				CLANG_WARN_CONSTANT_CONVERSION = YES;
				CLANG_WARN_DIRECT_OBJC_ISA_USAGE = YES_ERROR;
				CLANG_WARN_DOCUMENTATION_COMMENTS = YES;
				CLANG_WARN_EMPTY_BODY = YES;
				CLANG_WARN_ENUM_CONVERSION = YES;
				CLANG_WARN_INFINITE_RECURSION = YES;
				CLANG_WARN_INT_CONVERSION = YES;
				CLANG_WARN_OBJC_ROOT_CLASS = YES_ERROR;
				CLANG_WARN_SUSPICIOUS_MOVES = YES;
				CLANG_WARN_UNREACHABLE_CODE = YES;
				CLANG_WARN__DUPLICATE_METHOD_MATCH = YES;
				"CODE_SIGN_IDENTITY[sdk=iphoneos*]" = "iPhone Developer";
				COPY_PHASE_STRIP = NO;
				DEBUG_INFORMATION_FORMAT = dwarf;
				ENABLE_STRICT_OBJC_MSGSEND = YES;
				ENABLE_TESTABILITY = YES;
				GCC_C_LANGUAGE_STANDARD = gnu99;
				GCC_DYNAMIC_NO_PIC = NO;
				GCC_NO_COMMON_BLOCKS = YES;
				GCC_OPTIMIZATION_LEVEL = 0;
				GCC_PREPROCESSOR_DEFINITIONS = (
					"DEBUG=1",
					"$(inherited)",
				);
				GCC_WARN_64_TO_32_BIT_CONVERSION = YES;
				GCC_WARN_ABOUT_RETURN_TYPE = YES_ERROR;
				GCC_WARN_UNDECLARED_SELECTOR = YES;
				GCC_WARN_UNINITIALIZED_AUTOS = YES_AGGRESSIVE;
				GCC_WARN_UNUSED_FUNCTION = YES;
				GCC_WARN_UNUSED_VARIABLE = YES;
				IPHONEOS_DEPLOYMENT_TARGET = 10.0;
				MTL_ENABLE_DEBUG_INFO = YES;
				ONLY_ACTIVE_ARCH = YES;
				SDKROOT = iphoneos;
			};
			name = Debug;
		};
		CC53A0411D88E42D00EF3CB3 /* Release */ = {
			isa = XCBuildConfiguration;
			buildSettings = {
				ALWAYS_SEARCH_USER_PATHS = NO;
				CLANG_ANALYZER_NONNULL = YES;
				CLANG_CXX_LANGUAGE_STANDARD = "gnu++0x";
				CLANG_CXX_LIBRARY = "libc++";
				CLANG_ENABLE_MODULES = YES;
				CLANG_ENABLE_OBJC_ARC = YES;
				CLANG_WARN_BOOL_CONVERSION = YES;
				CLANG_WARN_CONSTANT_CONVERSION = YES;
				CLANG_WARN_DIRECT_OBJC_ISA_USAGE = YES_ERROR;
				CLANG_WARN_DOCUMENTATION_COMMENTS = YES;
				CLANG_WARN_EMPTY_BODY = YES;
				CLANG_WARN_ENUM_CONVERSION = YES;
				CLANG_WARN_INFINITE_RECURSION = YES;
				CLANG_WARN_INT_CONVERSION = YES;
				CLANG_WARN_OBJC_ROOT_CLASS = YES_ERROR;
				CLANG_WARN_SUSPICIOUS_MOVES = YES;
				CLANG_WARN_UNREACHABLE_CODE = YES;
				CLANG_WARN__DUPLICATE_METHOD_MATCH = YES;
				"CODE_SIGN_IDENTITY[sdk=iphoneos*]" = "iPhone Developer";
				COPY_PHASE_STRIP = NO;
				DEBUG_INFORMATION_FORMAT = "dwarf-with-dsym";
				ENABLE_NS_ASSERTIONS = NO;
				ENABLE_STRICT_OBJC_MSGSEND = YES;
				GCC_C_LANGUAGE_STANDARD = gnu99;
				GCC_NO_COMMON_BLOCKS = YES;
				GCC_WARN_64_TO_32_BIT_CONVERSION = YES;
				GCC_WARN_ABOUT_RETURN_TYPE = YES_ERROR;
				GCC_WARN_UNDECLARED_SELECTOR = YES;
				GCC_WARN_UNINITIALIZED_AUTOS = YES_AGGRESSIVE;
				GCC_WARN_UNUSED_FUNCTION = YES;
				GCC_WARN_UNUSED_VARIABLE = YES;
				IPHONEOS_DEPLOYMENT_TARGET = 10.0;
				MTL_ENABLE_DEBUG_INFO = NO;
				SDKROOT = iphoneos;
				VALIDATE_PRODUCT = YES;
			};
			name = Release;
		};
		CC53A0431D88E42D00EF3CB3 /* Debug */ = {
			isa = XCBuildConfiguration;
			buildSettings = {
				ASSETCATALOG_COMPILER_APPICON_NAME = AppIcon;
				INFOPLIST_FILE = "01-CALayer/Info.plist";
				LD_RUNPATH_SEARCH_PATHS = "$(inherited) @executable_path/Frameworks";
				PRODUCT_BUNDLE_IDENTIFIER = "com.qingyun.-1-CALayer";
				PRODUCT_NAME = "$(TARGET_NAME)";
			};
			name = Debug;
		};
		CC53A0441D88E42D00EF3CB3 /* Release */ = {
			isa = XCBuildConfiguration;
			buildSettings = {
				ASSETCATALOG_COMPILER_APPICON_NAME = AppIcon;
				INFOPLIST_FILE = "01-CALayer/Info.plist";
				LD_RUNPATH_SEARCH_PATHS = "$(inherited) @executable_path/Frameworks";
				PRODUCT_BUNDLE_IDENTIFIER = "com.qingyun.-1-CALayer";
				PRODUCT_NAME = "$(TARGET_NAME)";
			};
			name = Release;
		};
/* End XCBuildConfiguration section */

/* Begin XCConfigurationList section */
		CC53A0231D88E42D00EF3CB3 /* Build configuration list for PBXProject "01-CALayer" */ = {
			isa = XCConfigurationList;
			buildConfigurations = (
				CC53A0401D88E42D00EF3CB3 /* Debug */,
				CC53A0411D88E42D00EF3CB3 /* Release */,
			);
			defaultConfigurationIsVisible = 0;
			defaultConfigurationName = Release;
		};
		CC53A0421D88E42D00EF3CB3 /* Build configuration list for PBXNativeTarget "01-CALayer" */ = {
			isa = XCConfigurationList;
			buildConfigurations = (
				CC53A0431D88E42D00EF3CB3 /* Debug */,
				CC53A0441D88E42D00EF3CB3 /* Release */,
			);
			defaultConfigurationIsVisible = 0;
		};
/* End XCConfigurationList section */

/* Begin XCVersionGroup section */
		CC53A0371D88E42D00EF3CB3 /* _1_CALayer.xcdatamodeld */ = {
			isa = XCVersionGroup;
			children = (
				CC53A0381D88E42D00EF3CB3 /* _1_CALayer.xcdatamodel */,
			);
			currentVersion = CC53A0381D88E42D00EF3CB3 /* _1_CALayer.xcdatamodel */;
			path = _1_CALayer.xcdatamodeld;
			sourceTree = "<group>";
			versionGroupType = wrapper.xcdatamodel;
		};
/* End XCVersionGroup section */
	};
	rootObject = CC53A0201D88E42D00EF3CB3 /* Project object */;
}
