// !$*UTF8*$!
{
	archiveVersion = 1;
	classes = {
	};
	objectVersion = 46;
	objects = {

/* Begin PBXBuildFile section */
		CC3D61641D9136E900069849 /* main.swift in Sources */ = {isa = PBXBuildFile; fileRef = CC3D61631D9136E900069849 /* main.swift */; };
		CC3D616D1D91373100069849 /* OCClass.m in Sources */ = {isa = PBXBuildFile; fileRef = CC3D616C1D91373100069849 /* OCClass.m */; };
		CC3D616F1D91378B00069849 /* swiftClass.swift in Sources */ = {isa = PBXBuildFile; fileRef = CC3D616E1D91378B00069849 /* swiftClass.swift */; };
/* End PBXBuildFile section */

/* Begin PBXCopyFilesBuildPhase section */
		CC3D615E1D9136E900069849 /* CopyFiles */ = {
			isa = PBXCopyFilesBuildPhase;
			buildActionMask = 2147483647;
			dstPath = /usr/share/man/man1/;
			dstSubfolderSpec = 0;
			files = (
			);
			runOnlyForDeploymentPostprocessing = 1;
		};
/* End PBXCopyFilesBuildPhase section */

/* Begin PBXFileReference section */
		CC3D61601D9136E900069849 /* 06 oc与swift混编 */ = {isa = PBXFileReference; explicitFileType = "compiled.mach-o.executable"; includeInIndex = 0; path = "06 oc与swift混编"; sourceTree = BUILT_PRODUCTS_DIR; };
		CC3D61631D9136E900069849 /* main.swift */ = {isa = PBXFileReference; lastKnownFileType = sourcecode.swift; path = main.swift; sourceTree = "<group>"; };
		CC3D616A1D91373100069849 /* 06 oc与swift混编-Bridging-Header.h */ = {isa = PBXFileReference; lastKnownFileType = sourcecode.c.h; path = "06 oc与swift混编-Bridging-Header.h"; sourceTree = "<group>"; };
		CC3D616B1D91373100069849 /* OCClass.h */ = {isa = PBXFileReference; fileEncoding = 4; lastKnownFileType = sourcecode.c.h; path = OCClass.h; sourceTree = "<group>"; };
		CC3D616C1D91373100069849 /* OCClass.m */ = {isa = PBXFileReference; fileEncoding = 4; lastKnownFileType = sourcecode.c.objc; path = OCClass.m; sourceTree = "<group>"; };
		CC3D616E1D91378B00069849 /* swiftClass.swift */ = {isa = PBXFileReference; fileEncoding = 4; lastKnownFileType = sourcecode.swift; path = swiftClass.swift; sourceTree = "<group>"; };
/* End PBXFileReference section */

/* Begin PBXFrameworksBuildPhase section */
		CC3D615D1D9136E900069849 /* Frameworks */ = {
			isa = PBXFrameworksBuildPhase;
			buildActionMask = 2147483647;
			files = (
			);
			runOnlyForDeploymentPostprocessing = 0;
		};
/* End PBXFrameworksBuildPhase section */

/* Begin PBXGroup section */
		CC3D61571D9136E900069849 = {
			isa = PBXGroup;
			children = (
				CC3D61621D9136E900069849 /* 06 oc与swift混编 */,
				CC3D61611D9136E900069849 /* Products */,
			);
			sourceTree = "<group>";
		};
		CC3D61611D9136E900069849 /* Products */ = {
			isa = PBXGroup;
			children = (
				CC3D61601D9136E900069849 /* 06 oc与swift混编 */,
			);
			name = Products;
			sourceTree = "<group>";
		};
		CC3D61621D9136E900069849 /* 06 oc与swift混编 */ = {
			isa = PBXGroup;
			children = (
				CC3D61631D9136E900069849 /* main.swift */,
				CC3D616B1D91373100069849 /* OCClass.h */,
				CC3D616C1D91373100069849 /* OCClass.m */,
				CC3D616A1D91373100069849 /* 06 oc与swift混编-Bridging-Header.h */,
				CC3D616E1D91378B00069849 /* swiftClass.swift */,
			);
			path = "06 oc与swift混编";
			sourceTree = "<group>";
		};
/* End PBXGroup section */

/* Begin PBXNativeTarget section */
		CC3D615F1D9136E900069849 /* 06 oc与swift混编 */ = {
			isa = PBXNativeTarget;
			buildConfigurationList = CC3D61671D9136E900069849 /* Build configuration list for PBXNativeTarget "06 oc与swift混编" */;
			buildPhases = (
				CC3D615C1D9136E900069849 /* Sources */,
				CC3D615D1D9136E900069849 /* Frameworks */,
				CC3D615E1D9136E900069849 /* CopyFiles */,
			);
			buildRules = (
			);
			dependencies = (
			);
			name = "06 oc与swift混编";
			productName = "06 oc与swift混编";
			productReference = CC3D61601D9136E900069849 /* 06 oc与swift混编 */;
			productType = "com.apple.product-type.tool";
		};
/* End PBXNativeTarget section */

/* Begin PBXProject section */
		CC3D61581D9136E900069849 /* Project object */ = {
			isa = PBXProject;
			attributes = {
				LastSwiftUpdateCheck = 0730;
				LastUpgradeCheck = 0730;
				ORGANIZATIONNAME = qingyun;
				TargetAttributes = {
					CC3D615F1D9136E900069849 = {
						CreatedOnToolsVersion = 7.3;
					};
				};
			};
			buildConfigurationList = CC3D615B1D9136E900069849 /* Build configuration list for PBXProject "06 oc与swift混编" */;
			compatibilityVersion = "Xcode 3.2";
			developmentRegion = English;
			hasScannedForEncodings = 0;
			knownRegions = (
				en,
			);
			mainGroup = CC3D61571D9136E900069849;
			productRefGroup = CC3D61611D9136E900069849 /* Products */;
			projectDirPath = "";
			projectRoot = "";
			targets = (
				CC3D615F1D9136E900069849 /* 06 oc与swift混编 */,
			);
		};
/* End PBXProject section */

/* Begin PBXSourcesBuildPhase section */
		CC3D615C1D9136E900069849 /* Sources */ = {
			isa = PBXSourcesBuildPhase;
			buildActionMask = 2147483647;
			files = (
				CC3D616F1D91378B00069849 /* swiftClass.swift in Sources */,
				CC3D616D1D91373100069849 /* OCClass.m in Sources */,
				CC3D61641D9136E900069849 /* main.swift in Sources */,
			);
			runOnlyForDeploymentPostprocessing = 0;
		};
/* End PBXSourcesBuildPhase section */

/* Begin XCBuildConfiguration section */
		CC3D61651D9136E900069849 /* Debug */ = {
			isa = XCBuildConfiguration;
			buildSettings = {
				ALWAYS_SEARCH_USER_PATHS = NO;
				CLANG_ANALYZER_NONNULL = YES;
				CLANG_CXX_LANGUAGE_STANDARD = "gnu++0x";
				CLANG_CXX_LIBRARY = "libc++";
				CLANG_ENABLE_MODULES = YES;
				CLANG_ENABLE_OBJC_ARC = YES;
				CLANG_WARN_BOOL_CONVERSION = YES;
				CLANG_WARN_CONSTANT_CONVERSION = YES;
				CLANG_WARN_DIRECT_OBJC_ISA_USAGE = YES_ERROR;
				CLANG_WARN_EMPTY_BODY = YES;
				CLANG_WARN_ENUM_CONVERSION = YES;
				CLANG_WARN_INT_CONVERSION = YES;
				CLANG_WARN_OBJC_ROOT_CLASS = YES_ERROR;
				CLANG_WARN_UNREACHABLE_CODE = YES;
				CLANG_WARN__DUPLICATE_METHOD_MATCH = YES;
				CODE_SIGN_IDENTITY = "-";
				COPY_PHASE_STRIP = NO;
				DEBUG_INFORMATION_FORMAT = dwarf;
				DEFINES_MODULE = YES;
				ENABLE_STRICT_OBJC_MSGSEND = YES;
				ENABLE_TESTABILITY = YES;
				GCC_C_LANGUAGE_STANDARD = gnu99;
				GCC_DYNAMIC_NO_PIC = NO;
				GCC_NO_COMMON_BLOCKS = YES;
				GCC_OPTIMIZATION_LEVEL = 0;
				GCC_PREPROCESSOR_DEFINITIONS = (
					"DEBUG=1",
					"$(inherited)",
				);
				GCC_WARN_64_TO_32_BIT_CONVERSION = YES;
				GCC_WARN_ABOUT_RETURN_TYPE = YES_ERROR;
				GCC_WARN_UNDECLARED_SELECTOR = YES;
				GCC_WARN_UNINITIALIZED_AUTOS = YES_AGGRESSIVE;
				GCC_WARN_UNUSED_FUNCTION = YES;
				GCC_WARN_UNUSED_VARIABLE = YES;
				MACOSX_DEPLOYMENT_TARGET = 10.11;
				MTL_ENABLE_DEBUG_INFO = YES;
				ONLY_ACTIVE_ARCH = YES;
				PRODUCT_MODULE_NAME = "oc与swift混编";
				SDKROOT = macosx;
				SWIFT_OPTIMIZATION_LEVEL = "-Onone";
			};
			name = Debug;
		};
		CC3D61661D9136E900069849 /* Release */ = {
			isa = XCBuildConfiguration;
			buildSettings = {
				ALWAYS_SEARCH_USER_PATHS = NO;
				CLANG_ANALYZER_NONNULL = YES;
				CLANG_CXX_LANGUAGE_STANDARD = "gnu++0x";
				CLANG_CXX_LIBRARY = "libc++";
				CLANG_ENABLE_MODULES = YES;
				CLANG_ENABLE_OBJC_ARC = YES;
				CLANG_WARN_BOOL_CONVERSION = YES;
				CLANG_WARN_CONSTANT_CONVERSION = YES;
				CLANG_WARN_DIRECT_OBJC_ISA_USAGE = YES_ERROR;
				CLANG_WARN_EMPTY_BODY = YES;
				CLANG_WARN_ENUM_CONVERSION = YES;
				CLANG_WARN_INT_CONVERSION = YES;
				CLANG_WARN_OBJC_ROOT_CLASS = YES_ERROR;
				CLANG_WARN_UNREACHABLE_CODE = YES;
				CLANG_WARN__DUPLICATE_METHOD_MATCH = YES;
				CODE_SIGN_IDENTITY = "-";
				COPY_PHASE_STRIP = NO;
				DEBUG_INFORMATION_FORMAT = "dwarf-with-dsym";
				DEFINES_MODULE = YES;
				ENABLE_NS_ASSERTIONS = NO;
				ENABLE_STRICT_OBJC_MSGSEND = YES;
				GCC_C_LANGUAGE_STANDARD = gnu99;
				GCC_NO_COMMON_BLOCKS = YES;
				GCC_WARN_64_TO_32_BIT_CONVERSION = YES;
				GCC_WARN_ABOUT_RETURN_TYPE = YES_ERROR;
				GCC_WARN_UNDECLARED_SELECTOR = YES;
				GCC_WARN_UNINITIALIZED_AUTOS = YES_AGGRESSIVE;
				GCC_WARN_UNUSED_FUNCTION = YES;
				GCC_WARN_UNUSED_VARIABLE = YES;
				MACOSX_DEPLOYMENT_TARGET = 10.11;
				MTL_ENABLE_DEBUG_INFO = NO;
				PRODUCT_MODULE_NAME = "oc与swift混编";
				SDKROOT = macosx;
			};
			name = Release;
		};
		CC3D61681D9136E900069849 /* Debug */ = {
			isa = XCBuildConfiguration;
			buildSettings = {
				CLANG_ENABLE_MODULES = YES;
				LD_RUNPATH_SEARCH_PATHS = "$(inherited) @executable_path/../Frameworks @loader_path/../Frameworks";
				PRODUCT_NAME = "$(TARGET_NAME)";
				SWIFT_OBJC_BRIDGING_HEADER = "06 oc与swift混编/06 oc与swift混编-Bridging-Header.h";
				SWIFT_OPTIMIZATION_LEVEL = "-Onone";
			};
			name = Debug;
		};
		CC3D61691D9136E900069849 /* Release */ = {
			isa = XCBuildConfiguration;
			buildSettings = {
				CLANG_ENABLE_MODULES = YES;
				LD_RUNPATH_SEARCH_PATHS = "$(inherited) @executable_path/../Frameworks @loader_path/../Frameworks";
				PRODUCT_NAME = "$(TARGET_NAME)";
				SWIFT_OBJC_BRIDGING_HEADER = "06 oc与swift混编/06 oc与swift混编-Bridging-Header.h";
			};
			name = Release;
		};
/* End XCBuildConfiguration section */

/* Begin XCConfigurationList section */
		CC3D615B1D9136E900069849 /* Build configuration list for PBXProject "06 oc与swift混编" */ = {
			isa = XCConfigurationList;
			buildConfigurations = (
				CC3D61651D9136E900069849 /* Debug */,
				CC3D61661D9136E900069849 /* Release */,
			);
			defaultConfigurationIsVisible = 0;
			defaultConfigurationName = Release;
		};
		CC3D61671D9136E900069849 /* Build configuration list for PBXNativeTarget "06 oc与swift混编" */ = {
			isa = XCConfigurationList;
			buildConfigurations = (
				CC3D61681D9136E900069849 /* Debug */,
				CC3D61691D9136E900069849 /* Release */,
			);
			defaultConfigurationIsVisible = 0;
		};
/* End XCConfigurationList section */
	};
	rootObject = CC3D61581D9136E900069849 /* Project object */;
}
